// !$*UTF8*$!
{
	archiveVersion = 1;
	classes = {
	};
	objectVersion = 55;
	objects = {

/* Begin PBXBuildFile section */
		FBDB1A24277BF39D00D902EB /* AppDelegate.swift in Sources */ = {isa = PBXBuildFile; fileRef = FBDB1A23277BF39D00D902EB /* AppDelegate.swift */; };
		FBDB1A26277BF39D00D902EB /* SceneDelegate.swift in Sources */ = {isa = PBXBuildFile; fileRef = FBDB1A25277BF39D00D902EB /* SceneDelegate.swift */; };
		FBDB1A28277BF39D00D902EB /* ViewController.swift in Sources */ = {isa = PBXBuildFile; fileRef = FBDB1A27277BF39D00D902EB /* ViewController.swift */; };
		FBDB1A2B277BF39D00D902EB /* Main.storyboard in Resources */ = {isa = PBXBuildFile; fileRef = FBDB1A29277BF39D00D902EB /* Main.storyboard */; };
		FBDB1A2D277BF39E00D902EB /* Assets.xcassets in Resources */ = {isa = PBXBuildFile; fileRef = FBDB1A2C277BF39E00D902EB /* Assets.xcassets */; };
		FBDB1A30277BF39E00D902EB /* LaunchScreen.storyboard in Resources */ = {isa = PBXBuildFile; fileRef = FBDB1A2E277BF39E00D902EB /* LaunchScreen.storyboard */; };
		FBDB1A3B277BF41400D902EB /* BaseView.swift in Sources */ = {isa = PBXBuildFile; fileRef = FBDB1A3A277BF41400D902EB /* BaseView.swift */; };
		FBDB1A3D277BF42000D902EB /* Extension+UIView.swift in Sources */ = {isa = PBXBuildFile; fileRef = FBDB1A3C277BF42000D902EB /* Extension+UIView.swift */; };
		FBDB1A3F277BF42B00D902EB /* SevenSegmentNumber.swift in Sources */ = {isa = PBXBuildFile; fileRef = FBDB1A3E277BF42B00D902EB /* SevenSegmentNumber.swift */; };
		FBDB1A41277BF43500D902EB /* SevenSegmentDisplay.swift in Sources */ = {isa = PBXBuildFile; fileRef = FBDB1A40277BF43500D902EB /* SevenSegmentDisplay.swift */; };
		FBDB1A43277BF61400D902EB /* Colors.xcassets in Resources */ = {isa = PBXBuildFile; fileRef = FBDB1A42277BF61400D902EB /* Colors.xcassets */; };
		FBDB1A46277BF7DB00D902EB /* .gitignore in Resources */ = {isa = PBXBuildFile; fileRef = FBDB1A45277BF7DB00D902EB /* .gitignore */; };
/* End PBXBuildFile section */

/* Begin PBXFileReference section */
		FBDB1A20277BF39D00D902EB /* SevenSegmentDisplay.app */ = {isa = PBXFileReference; explicitFileType = wrapper.application; includeInIndex = 0; path = SevenSegmentDisplay.app; sourceTree = BUILT_PRODUCTS_DIR; };
		FBDB1A23277BF39D00D902EB /* AppDelegate.swift */ = {isa = PBXFileReference; lastKnownFileType = sourcecode.swift; path = AppDelegate.swift; sourceTree = "<group>"; };
		FBDB1A25277BF39D00D902EB /* SceneDelegate.swift */ = {isa = PBXFileReference; lastKnownFileType = sourcecode.swift; path = SceneDelegate.swift; sourceTree = "<group>"; };
		FBDB1A27277BF39D00D902EB /* ViewController.swift */ = {isa = PBXFileReference; lastKnownFileType = sourcecode.swift; path = ViewController.swift; sourceTree = "<group>"; };
		FBDB1A2A277BF39D00D902EB /* Base */ = {isa = PBXFileReference; lastKnownFileType = file.storyboard; name = Base; path = Base.lproj/Main.storyboard; sourceTree = "<group>"; };
		FBDB1A2C277BF39E00D902EB /* Assets.xcassets */ = {isa = PBXFileReference; lastKnownFileType = folder.assetcatalog; path = Assets.xcassets; sourceTree = "<group>"; };
		FBDB1A2F277BF39E00D902EB /* Base */ = {isa = PBXFileReference; lastKnownFileType = file.storyboard; name = Base; path = Base.lproj/LaunchScreen.storyboard; sourceTree = "<group>"; };
		FBDB1A31277BF39E00D902EB /* Info.plist */ = {isa = PBXFileReference; lastKnownFileType = text.plist.xml; path = Info.plist; sourceTree = "<group>"; };
		FBDB1A3A277BF41400D902EB /* BaseView.swift */ = {isa = PBXFileReference; lastKnownFileType = sourcecode.swift; path = BaseView.swift; sourceTree = "<group>"; };
		FBDB1A3C277BF42000D902EB /* Extension+UIView.swift */ = {isa = PBXFileReference; lastKnownFileType = sourcecode.swift; path = "Extension+UIView.swift"; sourceTree = "<group>"; };
		FBDB1A3E277BF42B00D902EB /* SevenSegmentNumber.swift */ = {isa = PBXFileReference; lastKnownFileType = sourcecode.swift; path = SevenSegmentNumber.swift; sourceTree = "<group>"; };
		FBDB1A40277BF43500D902EB /* SevenSegmentDisplay.swift */ = {isa = PBXFileReference; lastKnownFileType = sourcecode.swift; path = SevenSegmentDisplay.swift; sourceTree = "<group>"; };
		FBDB1A42277BF61400D902EB /* Colors.xcassets */ = {isa = PBXFileReference; lastKnownFileType = folder.assetcatalog; path = Colors.xcassets; sourceTree = "<group>"; };
		FBDB1A45277BF7DB00D902EB /* .gitignore */ = {isa = PBXFileReference; fileEncoding = 4; lastKnownFileType = text; path = .gitignore; sourceTree = "<group>"; };
		FBDB1A47277BF7F100D902EB /* README.md */ = {isa = PBXFileReference; lastKnownFileType = net.daringfireball.markdown; path = README.md; sourceTree = "<group>"; };
/* End PBXFileReference section */

/* Begin PBXFrameworksBuildPhase section */
		FBDB1A1D277BF39D00D902EB /* Frameworks */ = {
			isa = PBXFrameworksBuildPhase;
			buildActionMask = 2147483647;
			files = (
			);
			runOnlyForDeploymentPostprocessing = 0;
		};
/* End PBXFrameworksBuildPhase section */

/* Begin PBXGroup section */
		FBDB1A17277BF39D00D902EB = {
			isa = PBXGroup;
			children = (
				FBDB1A22277BF39D00D902EB /* SevenSegmentDisplay */,
				FBDB1A47277BF7F100D902EB /* README.md */,
				FBDB1A45277BF7DB00D902EB /* .gitignore */,
				FBDB1A21277BF39D00D902EB /* Products */,
			);
			sourceTree = "<group>";
		};
		FBDB1A21277BF39D00D902EB /* Products */ = {
			isa = PBXGroup;
			children = (
				FBDB1A20277BF39D00D902EB /* SevenSegmentDisplay.app */,
			);
			name = Products;
			sourceTree = "<group>";
		};
		FBDB1A22277BF39D00D902EB /* SevenSegmentDisplay */ = {
			isa = PBXGroup;
			children = (
				FBDB1A37277BF3BC00D902EB /* View */,
				FBDB1A39277BF3FD00D902EB /* Controller */,
				FBDB1A38277BF3C000D902EB /* Helpers */,
				FBDB1A23277BF39D00D902EB /* AppDelegate.swift */,
				FBDB1A25277BF39D00D902EB /* SceneDelegate.swift */,
				FBDB1A2C277BF39E00D902EB /* Assets.xcassets */,
				FBDB1A42277BF61400D902EB /* Colors.xcassets */,
				FBDB1A29277BF39D00D902EB /* Main.storyboard */,
				FBDB1A2E277BF39E00D902EB /* LaunchScreen.storyboard */,
				FBDB1A31277BF39E00D902EB /* Info.plist */,
			);
			path = SevenSegmentDisplay;
			sourceTree = "<group>";
		};
		FBDB1A37277BF3BC00D902EB /* View */ = {
			isa = PBXGroup;
			children = (
				FBDB1A3A277BF41400D902EB /* BaseView.swift */,
				FBDB1A3E277BF42B00D902EB /* SevenSegmentNumber.swift */,
				FBDB1A40277BF43500D902EB /* SevenSegmentDisplay.swift */,
			);
			path = View;
			sourceTree = "<group>";
		};
		FBDB1A38277BF3C000D902EB /* Helpers */ = {
			isa = PBXGroup;
			children = (
				FBDB1A3C277BF42000D902EB /* Extension+UIView.swift */,
			);
			path = Helpers;
			sourceTree = "<group>";
		};
		FBDB1A39277BF3FD00D902EB /* Controller */ = {
			isa = PBXGroup;
			children = (
				FBDB1A27277BF39D00D902EB /* ViewController.swift */,
			);
			path = Controller;
			sourceTree = "<group>";
		};
/* End PBXGroup section */

/* Begin PBXNativeTarget section */
		FBDB1A1F277BF39D00D902EB /* SevenSegmentDisplay */ = {
			isa = PBXNativeTarget;
			buildConfigurationList = FBDB1A34277BF39E00D902EB /* Build configuration list for PBXNativeTarget "SevenSegmentDisplay" */;
			buildPhases = (
				FBDB1A1C277BF39D00D902EB /* Sources */,
				FBDB1A1D277BF39D00D902EB /* Frameworks */,
				FBDB1A1E277BF39D00D902EB /* Resources */,
			);
			buildRules = (
			);
			dependencies = (
			);
			name = SevenSegmentDisplay;
			productName = SevenSegmentDisplay;
			productReference = FBDB1A20277BF39D00D902EB /* SevenSegmentDisplay.app */;
			productType = "com.apple.product-type.application";
		};
/* End PBXNativeTarget section */

/* Begin PBXProject section */
		FBDB1A18277BF39D00D902EB /* Project object */ = {
			isa = PBXProject;
			attributes = {
				BuildIndependentTargetsInParallel = 1;
				LastSwiftUpdateCheck = 1320;
				LastUpgradeCheck = 1320;
				TargetAttributes = {
					FBDB1A1F277BF39D00D902EB = {
						CreatedOnToolsVersion = 13.2.1;
					};
				};
			};
			buildConfigurationList = FBDB1A1B277BF39D00D902EB /* Build configuration list for PBXProject "SevenSegmentDisplay" */;
			compatibilityVersion = "Xcode 13.0";
			developmentRegion = en;
			hasScannedForEncodings = 0;
			knownRegions = (
				en,
				Base,
			);
			mainGroup = FBDB1A17277BF39D00D902EB;
			productRefGroup = FBDB1A21277BF39D00D902EB /* Products */;
			projectDirPath = "";
			projectRoot = "";
			targets = (
				FBDB1A1F277BF39D00D902EB /* SevenSegmentDisplay */,
			);
		};
/* End PBXProject section */

/* Begin PBXResourcesBuildPhase section */
		FBDB1A1E277BF39D00D902EB /* Resources */ = {
			isa = PBXResourcesBuildPhase;
			buildActionMask = 2147483647;
			files = (
				FBDB1A46277BF7DB00D902EB /* .gitignore in Resources */,
				FBDB1A30277BF39E00D902EB /* LaunchScreen.storyboard in Resources */,
				FBDB1A43277BF61400D902EB /* Colors.xcassets in Resources */,
				FBDB1A2D277BF39E00D902EB /* Assets.xcassets in Resources */,
				FBDB1A2B277BF39D00D902EB /* Main.storyboard in Resources */,
			);
			runOnlyForDeploymentPostprocessing = 0;
		};
/* End PBXResourcesBuildPhase section */

/* Begin PBXSourcesBuildPhase section */
		FBDB1A1C277BF39D00D902EB /* Sources */ = {
			isa = PBXSourcesBuildPhase;
			buildActionMask = 2147483647;
			files = (
				FBDB1A28277BF39D00D902EB /* ViewController.swift in Sources */,
				FBDB1A41277BF43500D902EB /* SevenSegmentDisplay.swift in Sources */,
				FBDB1A24277BF39D00D902EB /* AppDelegate.swift in Sources */,
				FBDB1A3F277BF42B00D902EB /* SevenSegmentNumber.swift in Sources */,
				FBDB1A3D277BF42000D902EB /* Extension+UIView.swift in Sources */,
				FBDB1A26277BF39D00D902EB /* SceneDelegate.swift in Sources */,
				FBDB1A3B277BF41400D902EB /* BaseView.swift in Sources */,
			);
			runOnlyForDeploymentPostprocessing = 0;
		};
/* End PBXSourcesBuildPhase section */

/* Begin PBXVariantGroup section */
		FBDB1A29277BF39D00D902EB /* Main.storyboard */ = {
			isa = PBXVariantGroup;
			children = (
				FBDB1A2A277BF39D00D902EB /* Base */,
			);
			name = Main.storyboard;
			sourceTree = "<group>";
		};
		FBDB1A2E277BF39E00D902EB /* LaunchScreen.storyboard */ = {
			isa = PBXVariantGroup;
			children = (
				FBDB1A2F277BF39E00D902EB /* Base */,
			);
			name = LaunchScreen.storyboard;
			sourceTree = "<group>";
		};
/* End PBXVariantGroup section */

/* Begin XCBuildConfiguration section */
		FBDB1A32277BF39E00D902EB /* Debug */ = {
			isa = XCBuildConfiguration;
			buildSettings = {
				ALWAYS_SEARCH_USER_PATHS = NO;
				CLANG_ANALYZER_NONNULL = YES;
				CLANG_ANALYZER_NUMBER_OBJECT_CONVERSION = YES_AGGRESSIVE;
				CLANG_CXX_LANGUAGE_STANDARD = "gnu++17";
				CLANG_CXX_LIBRARY = "libc++";
				CLANG_ENABLE_MODULES = YES;
				CLANG_ENABLE_OBJC_ARC = YES;
				CLANG_ENABLE_OBJC_WEAK = YES;
				CLANG_WARN_BLOCK_CAPTURE_AUTORELEASING = YES;
				CLANG_WARN_BOOL_CONVERSION = YES;
				CLANG_WARN_COMMA = YES;
				CLANG_WARN_CONSTANT_CONVERSION = YES;
				CLANG_WARN_DEPRECATED_OBJC_IMPLEMENTATIONS = YES;
				CLANG_WARN_DIRECT_OBJC_ISA_USAGE = YES_ERROR;
				CLANG_WARN_DOCUMENTATION_COMMENTS = YES;
				CLANG_WARN_EMPTY_BODY = YES;
				CLANG_WARN_ENUM_CONVERSION = YES;
				CLANG_WARN_INFINITE_RECURSION = YES;
				CLANG_WARN_INT_CONVERSION = YES;
				CLANG_WARN_NON_LITERAL_NULL_CONVERSION = YES;
				CLANG_WARN_OBJC_IMPLICIT_RETAIN_SELF = YES;
				CLANG_WARN_OBJC_LITERAL_CONVERSION = YES;
				CLANG_WARN_OBJC_ROOT_CLASS = YES_ERROR;
				CLANG_WARN_QUOTED_INCLUDE_IN_FRAMEWORK_HEADER = YES;
				CLANG_WARN_RANGE_LOOP_ANALYSIS = YES;
				CLANG_WARN_STRICT_PROTOTYPES = YES;
				CLANG_WARN_SUSPICIOUS_MOVE = YES;
				CLANG_WARN_UNGUARDED_AVAILABILITY = YES_AGGRESSIVE;
				CLANG_WARN_UNREACHABLE_CODE = YES;
				CLANG_WARN__DUPLICATE_METHOD_MATCH = YES;
				COPY_PHASE_STRIP = NO;
				DEBUG_INFORMATION_FORMAT = dwarf;
				ENABLE_STRICT_OBJC_MSGSEND = YES;
				ENABLE_TESTABILITY = YES;
				GCC_C_LANGUAGE_STANDARD = gnu11;
				GCC_DYNAMIC_NO_PIC = NO;
				GCC_NO_COMMON_BLOCKS = YES;
				GCC_OPTIMIZATION_LEVEL = 0;
				GCC_PREPROCESSOR_DEFINITIONS = (
					"DEBUG=1",
					"$(inherited)",
				);
				GCC_WARN_64_TO_32_BIT_CONVERSION = YES;
				GCC_WARN_ABOUT_RETURN_TYPE = YES_ERROR;
				GCC_WARN_UNDECLARED_SELECTOR = YES;
				GCC_WARN_UNINITIALIZED_AUTOS = YES_AGGRESSIVE;
				GCC_WARN_UNUSED_FUNCTION = YES;
				GCC_WARN_UNUSED_VARIABLE = YES;
				IPHONEOS_DEPLOYMENT_TARGET = 15.2;
				MTL_ENABLE_DEBUG_INFO = INCLUDE_SOURCE;
				MTL_FAST_MATH = YES;
				ONLY_ACTIVE_ARCH = YES;
				SDKROOT = iphoneos;
				SWIFT_ACTIVE_COMPILATION_CONDITIONS = DEBUG;
				SWIFT_OPTIMIZATION_LEVEL = "-Onone";
			};
			name = Debug;
		};
		FBDB1A33277BF39E00D902EB /* Release */ = {
			isa = XCBuildConfiguration;
			buildSettings = {
				ALWAYS_SEARCH_USER_PATHS = NO;
				CLANG_ANALYZER_NONNULL = YES;
				CLANG_ANALYZER_NUMBER_OBJECT_CONVERSION = YES_AGGRESSIVE;
				CLANG_CXX_LANGUAGE_STANDARD = "gnu++17";
				CLANG_CXX_LIBRARY = "libc++";
				CLANG_ENABLE_MODULES = YES;
				CLANG_ENABLE_OBJC_ARC = YES;
				CLANG_ENABLE_OBJC_WEAK = YES;
				CLANG_WARN_BLOCK_CAPTURE_AUTORELEASING = YES;
				CLANG_WARN_BOOL_CONVERSION = YES;
				CLANG_WARN_COMMA = YES;
				CLANG_WARN_CONSTANT_CONVERSION = YES;
				CLANG_WARN_DEPRECATED_OBJC_IMPLEMENTATIONS = YES;
				CLANG_WARN_DIRECT_OBJC_ISA_USAGE = YES_ERROR;
				CLANG_WARN_DOCUMENTATION_COMMENTS = YES;
				CLANG_WARN_EMPTY_BODY = YES;
				CLANG_WARN_ENUM_CONVERSION = YES;
				CLANG_WARN_INFINITE_RECURSION = YES;
				CLANG_WARN_INT_CONVERSION = YES;
				CLANG_WARN_NON_LITERAL_NULL_CONVERSION = YES;
				CLANG_WARN_OBJC_IMPLICIT_RETAIN_SELF = YES;
				CLANG_WARN_OBJC_LITERAL_CONVERSION = YES;
				CLANG_WARN_OBJC_ROOT_CLASS = YES_ERROR;
				CLANG_WARN_QUOTED_INCLUDE_IN_FRAMEWORK_HEADER = YES;
				CLANG_WARN_RANGE_LOOP_ANALYSIS = YES;
				CLANG_WARN_STRICT_PROTOTYPES = YES;
				CLANG_WARN_SUSPICIOUS_MOVE = YES;
				CLANG_WARN_UNGUARDED_AVAILABILITY = YES_AGGRESSIVE;
				CLANG_WARN_UNREACHABLE_CODE = YES;
				CLANG_WARN__DUPLICATE_METHOD_MATCH = YES;
				COPY_PHASE_STRIP = NO;
				DEBUG_INFORMATION_FORMAT = "dwarf-with-dsym";
				ENABLE_NS_ASSERTIONS = NO;
				ENABLE_STRICT_OBJC_MSGSEND = YES;
				GCC_C_LANGUAGE_STANDARD = gnu11;
				GCC_NO_COMMON_BLOCKS = YES;
				GCC_WARN_64_TO_32_BIT_CONVERSION = YES;
				GCC_WARN_ABOUT_RETURN_TYPE = YES_ERROR;
				GCC_WARN_UNDECLARED_SELECTOR = YES;
				GCC_WARN_UNINITIALIZED_AUTOS = YES_AGGRESSIVE;
				GCC_WARN_UNUSED_FUNCTION = YES;
				GCC_WARN_UNUSED_VARIABLE = YES;
				IPHONEOS_DEPLOYMENT_TARGET = 15.2;
				MTL_ENABLE_DEBUG_INFO = NO;
				MTL_FAST_MATH = YES;
				SDKROOT = iphoneos;
				SWIFT_COMPILATION_MODE = wholemodule;
				SWIFT_OPTIMIZATION_LEVEL = "-O";
				VALIDATE_PRODUCT = YES;
			};
			name = Release;
		};
		FBDB1A35277BF39E00D902EB /* Debug */ = {
			isa = XCBuildConfiguration;
			buildSettings = {
				ASSETCATALOG_COMPILER_APPICON_NAME = AppIcon;
				ASSETCATALOG_COMPILER_GLOBAL_ACCENT_COLOR_NAME = AccentColor;
				CODE_SIGN_STYLE = Automatic;
				CURRENT_PROJECT_VERSION = 1;
				GENERATE_INFOPLIST_FILE = YES;
				INFOPLIST_FILE = SevenSegmentDisplay/Info.plist;
				INFOPLIST_KEY_UIApplicationSupportsIndirectInputEvents = YES;
				INFOPLIST_KEY_UILaunchStoryboardName = LaunchScreen;
				INFOPLIST_KEY_UIMainStoryboardFile = Main;
				INFOPLIST_KEY_UISupportedInterfaceOrientations_iPad = "UIInterfaceOrientationPortrait UIInterfaceOrientationPortraitUpsideDown UIInterfaceOrientationLandscapeLeft UIInterfaceOrientationLandscapeRight";
				INFOPLIST_KEY_UISupportedInterfaceOrientations_iPhone = "UIInterfaceOrientationPortrait UIInterfaceOrientationLandscapeLeft UIInterfaceOrientationLandscapeRight";
				LD_RUNPATH_SEARCH_PATHS = (
					"$(inherited)",
					"@executable_path/Frameworks",
				);
				MARKETING_VERSION = 1.0;
				PRODUCT_BUNDLE_IDENTIFIER = dev.yantz.SevenSegmentDisplay;
				PRODUCT_NAME = "$(TARGET_NAME)";
				SWIFT_EMIT_LOC_STRINGS = YES;
				SWIFT_VERSION = 5.0;
				TARGETED_DEVICE_FAMILY = "1,2";
			};
			name = Debug;
		};
		FBDB1A36277BF39E00D902EB /* Release */ = {
			isa = XCBuildConfiguration;
			buildSettings = {
				ASSETCATALOG_COMPILER_APPICON_NAME = AppIcon;
				ASSETCATALOG_COMPILER_GLOBAL_ACCENT_COLOR_NAME = AccentColor;
				CODE_SIGN_STYLE = Automatic;
				CURRENT_PROJECT_VERSION = 1;
				GENERATE_INFOPLIST_FILE = YES;
				INFOPLIST_FILE = SevenSegmentDisplay/Info.plist;
				INFOPLIST_KEY_UIApplicationSupportsIndirectInputEvents = YES;
				INFOPLIST_KEY_UILaunchStoryboardName = LaunchScreen;
				INFOPLIST_KEY_UIMainStoryboardFile = Main;
				INFOPLIST_KEY_UISupportedInterfaceOrientations_iPad = "UIInterfaceOrientationPortrait UIInterfaceOrientationPortraitUpsideDown UIInterfaceOrientationLandscapeLeft UIInterfaceOrientationLandscapeRight";
				INFOPLIST_KEY_UISupportedInterfaceOrientations_iPhone = "UIInterfaceOrientationPortrait UIInterfaceOrientationLandscapeLeft UIInterfaceOrientationLandscapeRight";
				LD_RUNPATH_SEARCH_PATHS = (
					"$(inherited)",
					"@executable_path/Frameworks",
				);
				MARKETING_VERSION = 1.0;
				PRODUCT_BUNDLE_IDENTIFIER = dev.yantz.SevenSegmentDisplay;
				PRODUCT_NAME = "$(TARGET_NAME)";
				SWIFT_EMIT_LOC_STRINGS = YES;
				SWIFT_VERSION = 5.0;
				TARGETED_DEVICE_FAMILY = "1,2";
			};
			name = Release;
		};
/* End XCBuildConfiguration section */

/* Begin XCConfigurationList section */
		FBDB1A1B277BF39D00D902EB /* Build configuration list for PBXProject "SevenSegmentDisplay" */ = {
			isa = XCConfigurationList;
			buildConfigurations = (
				FBDB1A32277BF39E00D902EB /* Debug */,
				FBDB1A33277BF39E00D902EB /* Release */,
			);
			defaultConfigurationIsVisible = 0;
			defaultConfigurationName = Release;
		};
		FBDB1A34277BF39E00D902EB /* Build configuration list for PBXNativeTarget "SevenSegmentDisplay" */ = {
			isa = XCConfigurationList;
			buildConfigurations = (
				FBDB1A35277BF39E00D902EB /* Debug */,
				FBDB1A36277BF39E00D902EB /* Release */,
			);
			defaultConfigurationIsVisible = 0;
			defaultConfigurationName = Release;
		};
/* End XCConfigurationList section */
	};
	rootObject = FBDB1A18277BF39D00D902EB /* Project object */;
}
